
Microsoft Visual Studio Solution File, Format Version 12.00
# Visual Studio Version 17
VisualStudioVersion = 17.5.002.0
MinimumVisualStudioVersion = 10.0.40219.1
Project("{9A19103F-16F7-4668-BE54-9A1E7A4F7556}") = "ProductsAndCategories", "ProductsAndCategories.csproj", "{B32BC844-3E68-4C8E-933F-2C34D6E4077B}"
EndProject
Global
	GlobalSection(SolutionConfigurationPlatforms) = preSolution
		Debug|Any CPU = Debug|Any CPU
		Release|Any CPU = Release|Any CPU
	EndGlobalSection
	GlobalSection(ProjectConfigurationPlatforms) = postSolution
		{B32BC844-3E68-4C8E-933F-2C34D6E4077B}.Debug|Any CPU.ActiveCfg = Debug|Any CPU
		{B32BC844-3E68-4C8E-933F-2C34D6E4077B}.Debug|Any CPU.Build.0 = Debug|Any CPU
		{B32BC844-3E68-4C8E-933F-2C34D6E4077B}.Release|Any CPU.ActiveCfg = Release|Any CPU
		{B32BC844-3E68-4C8E-933F-2C34D6E4077B}.Release|Any CPU.Build.0 = Release|Any CPU
	EndGlobalSection
	GlobalSection(SolutionProperties) = preSolution
		HideSolutionNode = FALSE
	EndGlobalSection
	GlobalSection(ExtensibilityGlobals) = postSolution
		SolutionGuid = {A023D37E-AA17-4BC9-8251-6DB5A0A9F759}
	EndGlobalSection
EndGlobal
